
Microsoft Visual Studio Solution File, Format Version 12.00
# Visual Studio Version 16
VisualStudioVersion = 16.0.30711.63
MinimumVisualStudioVersion = 10.0.40219.1
Project("{FAE04EC0-301F-11D3-BF4B-00C04F79EFBC}") = "OktoberFast", "OktoberFast\OktoberFast.csproj", "{C5A2CC03-154E-4C3D-8807-1DA07CBBF6FF}"
EndProject
Global
	GlobalSection(SolutionConfigurationPlatforms) = preSolution
		Debug|Any CPU = Debug|Any CPU
		Release|Any CPU = Release|Any CPU
	EndGlobalSection
	GlobalSection(ProjectConfigurationPlatforms) = postSolution
		{C5A2CC03-154E-4C3D-8807-1DA07CBBF6FF}.Debug|Any CPU.ActiveCfg = Debug|Any CPU
		{C5A2CC03-154E-4C3D-8807-1DA07CBBF6FF}.Debug|Any CPU.Build.0 = Debug|Any CPU
		{C5A2CC03-154E-4C3D-8807-1DA07CBBF6FF}.Release|Any CPU.ActiveCfg = Release|Any CPU
		{C5A2CC03-154E-4C3D-8807-1DA07CBBF6FF}.Release|Any CPU.Build.0 = Release|Any CPU
	EndGlobalSection
	GlobalSection(SolutionProperties) = preSolution
		HideSolutionNode = FALSE
	EndGlobalSection
	GlobalSection(ExtensibilityGlobals) = postSolution
		SolutionGuid = {F1339F4A-6CE1-4A82-816D-43A0E298B221}
	EndGlobalSection
EndGlobal
